// !$*UTF8*$!
{
	archiveVersion = 1;
	classes = {
	};
	objectVersion = 55;
	objects = {

/* Begin PBXBuildFile section */
		00F97291296440CA002ED4CF /* AppDelegate.swift in Sources */ = {isa = PBXBuildFile; fileRef = 00F97290296440CA002ED4CF /* AppDelegate.swift */; };
		00F97293296440CA002ED4CF /* SceneDelegate.swift in Sources */ = {isa = PBXBuildFile; fileRef = 00F97292296440CA002ED4CF /* SceneDelegate.swift */; };
		00F97295296440CA002ED4CF /* MainViewController.swift in Sources */ = {isa = PBXBuildFile; fileRef = 00F97294296440CA002ED4CF /* MainViewController.swift */; };
		00F97298296440CA002ED4CF /* Main.storyboard in Resources */ = {isa = PBXBuildFile; fileRef = 00F97296296440CA002ED4CF /* Main.storyboard */; };
		00F9729A296440CB002ED4CF /* Assets.xcassets in Resources */ = {isa = PBXBuildFile; fileRef = 00F97299296440CB002ED4CF /* Assets.xcassets */; };
		00F9729D296440CB002ED4CF /* LaunchScreen.storyboard in Resources */ = {isa = PBXBuildFile; fileRef = 00F9729B296440CB002ED4CF /* LaunchScreen.storyboard */; };
		00F972A82966B604002ED4CF /* MainViewModel.swift in Sources */ = {isa = PBXBuildFile; fileRef = 00F972A72966B604002ED4CF /* MainViewModel.swift */; };
		00F972AD296966F4002ED4CF /* MainCell.swift in Sources */ = {isa = PBXBuildFile; fileRef = 00F972AC296966F4002ED4CF /* MainCell.swift */; };
		00F972AF2969DD81002ED4CF /* MainModel.swift in Sources */ = {isa = PBXBuildFile; fileRef = 00F972AE2969DD81002ED4CF /* MainModel.swift */; };
		00F972B22969E54F002ED4CF /* ServiceManager.swift in Sources */ = {isa = PBXBuildFile; fileRef = 00F972B12969E54F002ED4CF /* ServiceManager.swift */; };
		00F972B42969EACA002ED4CF /* AssemblyBuilder.swift in Sources */ = {isa = PBXBuildFile; fileRef = 00F972B32969EACA002ED4CF /* AssemblyBuilder.swift */; };
/* End PBXBuildFile section */

/* Begin PBXFileReference section */
		00F9728D296440CA002ED4CF /* PetProject.app */ = {isa = PBXFileReference; explicitFileType = wrapper.application; includeInIndex = 0; path = PetProject.app; sourceTree = BUILT_PRODUCTS_DIR; };
		00F97290296440CA002ED4CF /* AppDelegate.swift */ = {isa = PBXFileReference; lastKnownFileType = sourcecode.swift; path = AppDelegate.swift; sourceTree = "<group>"; };
		00F97292296440CA002ED4CF /* SceneDelegate.swift */ = {isa = PBXFileReference; lastKnownFileType = sourcecode.swift; path = SceneDelegate.swift; sourceTree = "<group>"; };
		00F97294296440CA002ED4CF /* MainViewController.swift */ = {isa = PBXFileReference; lastKnownFileType = sourcecode.swift; path = MainViewController.swift; sourceTree = "<group>"; };
		00F97297296440CA002ED4CF /* Base */ = {isa = PBXFileReference; lastKnownFileType = file.storyboard; name = Base; path = Base.lproj/Main.storyboard; sourceTree = "<group>"; };
		00F97299296440CB002ED4CF /* Assets.xcassets */ = {isa = PBXFileReference; lastKnownFileType = folder.assetcatalog; path = Assets.xcassets; sourceTree = "<group>"; };
		00F9729C296440CB002ED4CF /* Base */ = {isa = PBXFileReference; lastKnownFileType = file.storyboard; name = Base; path = Base.lproj/LaunchScreen.storyboard; sourceTree = "<group>"; };
		00F9729E296440CB002ED4CF /* Info.plist */ = {isa = PBXFileReference; lastKnownFileType = text.plist.xml; path = Info.plist; sourceTree = "<group>"; };
		00F972A72966B604002ED4CF /* MainViewModel.swift */ = {isa = PBXFileReference; lastKnownFileType = sourcecode.swift; path = MainViewModel.swift; sourceTree = "<group>"; };
		00F972AC296966F4002ED4CF /* MainCell.swift */ = {isa = PBXFileReference; lastKnownFileType = sourcecode.swift; path = MainCell.swift; sourceTree = "<group>"; };
		00F972AE2969DD81002ED4CF /* MainModel.swift */ = {isa = PBXFileReference; lastKnownFileType = sourcecode.swift; path = MainModel.swift; sourceTree = "<group>"; };
		00F972B12969E54F002ED4CF /* ServiceManager.swift */ = {isa = PBXFileReference; lastKnownFileType = sourcecode.swift; path = ServiceManager.swift; sourceTree = "<group>"; };
		00F972B32969EACA002ED4CF /* AssemblyBuilder.swift */ = {isa = PBXFileReference; lastKnownFileType = sourcecode.swift; path = AssemblyBuilder.swift; sourceTree = "<group>"; };
/* End PBXFileReference section */

/* Begin PBXFrameworksBuildPhase section */
		00F9728A296440CA002ED4CF /* Frameworks */ = {
			isa = PBXFrameworksBuildPhase;
			buildActionMask = 2147483647;
			files = (
			);
			runOnlyForDeploymentPostprocessing = 0;
		};
/* End PBXFrameworksBuildPhase section */

/* Begin PBXGroup section */
		00F97284296440CA002ED4CF = {
			isa = PBXGroup;
			children = (
				00F9728F296440CA002ED4CF /* PetProject */,
				00F9728E296440CA002ED4CF /* Products */,
			);
			sourceTree = "<group>";
		};
		00F9728E296440CA002ED4CF /* Products */ = {
			isa = PBXGroup;
			children = (
				00F9728D296440CA002ED4CF /* PetProject.app */,
			);
			name = Products;
			sourceTree = "<group>";
		};
		00F9728F296440CA002ED4CF /* PetProject */ = {
			isa = PBXGroup;
			children = (
				00F97290296440CA002ED4CF /* AppDelegate.swift */,
				00F97292296440CA002ED4CF /* SceneDelegate.swift */,
				00F972B02969E53A002ED4CF /* Service */,
				00F972A92969646D002ED4CF /* DI */,
				00F972AA29696483002ED4CF /* Coordinator */,
				00F972A52966B5C7002ED4CF /* Model */,
				00F972A42966B5BF002ED4CF /* View */,
				00F972A62966B5CD002ED4CF /* ViewModel */,
				00F97296296440CA002ED4CF /* Main.storyboard */,
				00F97299296440CB002ED4CF /* Assets.xcassets */,
				00F9729B296440CB002ED4CF /* LaunchScreen.storyboard */,
				00F9729E296440CB002ED4CF /* Info.plist */,
			);
			path = PetProject;
			sourceTree = "<group>";
		};
		00F972A42966B5BF002ED4CF /* View */ = {
			isa = PBXGroup;
			children = (
				00F972AB296966C2002ED4CF /* Cell */,
				00F97294296440CA002ED4CF /* MainViewController.swift */,
			);
			path = View;
			sourceTree = "<group>";
		};
		00F972A52966B5C7002ED4CF /* Model */ = {
			isa = PBXGroup;
			children = (
				00F972AE2969DD81002ED4CF /* MainModel.swift */,
			);
			path = Model;
			sourceTree = "<group>";
		};
		00F972A62966B5CD002ED4CF /* ViewModel */ = {
			isa = PBXGroup;
			children = (
				00F972A72966B604002ED4CF /* MainViewModel.swift */,
			);
			path = ViewModel;
			sourceTree = "<group>";
		};
		00F972A92969646D002ED4CF /* DI */ = {
			isa = PBXGroup;
			children = (
				00F972B32969EACA002ED4CF /* AssemblyBuilder.swift */,
			);
			path = DI;
			sourceTree = "<group>";
		};
		00F972AA29696483002ED4CF /* Coordinator */ = {
			isa = PBXGroup;
			children = (
			);
			path = Coordinator;
			sourceTree = "<group>";
		};
		00F972AB296966C2002ED4CF /* Cell */ = {
			isa = PBXGroup;
			children = (
				00F972AC296966F4002ED4CF /* MainCell.swift */,
			);
			path = Cell;
			sourceTree = "<group>";
		};
		00F972B02969E53A002ED4CF /* Service */ = {
			isa = PBXGroup;
			children = (
				00F972B12969E54F002ED4CF /* ServiceManager.swift */,
			);
			path = Service;
			sourceTree = "<group>";
		};
/* End PBXGroup section */

/* Begin PBXNativeTarget section */
		00F9728C296440CA002ED4CF /* PetProject */ = {
			isa = PBXNativeTarget;
			buildConfigurationList = 00F972A1296440CB002ED4CF /* Build configuration list for PBXNativeTarget "PetProject" */;
			buildPhases = (
				00F97289296440CA002ED4CF /* Sources */,
				00F9728A296440CA002ED4CF /* Frameworks */,
				00F9728B296440CA002ED4CF /* Resources */,
			);
			buildRules = (
			);
			dependencies = (
			);
			name = PetProject;
			productName = PetProject;
			productReference = 00F9728D296440CA002ED4CF /* PetProject.app */;
			productType = "com.apple.product-type.application";
		};
/* End PBXNativeTarget section */

/* Begin PBXProject section */
		00F97285296440CA002ED4CF /* Project object */ = {
			isa = PBXProject;
			attributes = {
				BuildIndependentTargetsInParallel = 1;
				LastSwiftUpdateCheck = 1340;
				LastUpgradeCheck = 1340;
				TargetAttributes = {
					00F9728C296440CA002ED4CF = {
						CreatedOnToolsVersion = 13.4.1;
					};
				};
			};
			buildConfigurationList = 00F97288296440CA002ED4CF /* Build configuration list for PBXProject "PetProject" */;
			compatibilityVersion = "Xcode 13.0";
			developmentRegion = en;
			hasScannedForEncodings = 0;
			knownRegions = (
				en,
				Base,
			);
			mainGroup = 00F97284296440CA002ED4CF;
			productRefGroup = 00F9728E296440CA002ED4CF /* Products */;
			projectDirPath = "";
			projectRoot = "";
			targets = (
				00F9728C296440CA002ED4CF /* PetProject */,
			);
		};
/* End PBXProject section */

/* Begin PBXResourcesBuildPhase section */
		00F9728B296440CA002ED4CF /* Resources */ = {
			isa = PBXResourcesBuildPhase;
			buildActionMask = 2147483647;
			files = (
				00F9729D296440CB002ED4CF /* LaunchScreen.storyboard in Resources */,
				00F9729A296440CB002ED4CF /* Assets.xcassets in Resources */,
				00F97298296440CA002ED4CF /* Main.storyboard in Resources */,
			);
			runOnlyForDeploymentPostprocessing = 0;
		};
/* End PBXResourcesBuildPhase section */

/* Begin PBXSourcesBuildPhase section */
		00F97289296440CA002ED4CF /* Sources */ = {
			isa = PBXSourcesBuildPhase;
			buildActionMask = 2147483647;
			files = (
				00F97295296440CA002ED4CF /* MainViewController.swift in Sources */,
				00F97291296440CA002ED4CF /* AppDelegate.swift in Sources */,
				00F972AF2969DD81002ED4CF /* MainModel.swift in Sources */,
				00F97293296440CA002ED4CF /* SceneDelegate.swift in Sources */,
				00F972A82966B604002ED4CF /* MainViewModel.swift in Sources */,
				00F972B22969E54F002ED4CF /* ServiceManager.swift in Sources */,
				00F972AD296966F4002ED4CF /* MainCell.swift in Sources */,
				00F972B42969EACA002ED4CF /* AssemblyBuilder.swift in Sources */,
			);
			runOnlyForDeploymentPostprocessing = 0;
		};
/* End PBXSourcesBuildPhase section */

/* Begin PBXVariantGroup section */
		00F97296296440CA002ED4CF /* Main.storyboard */ = {
			isa = PBXVariantGroup;
			children = (
				00F97297296440CA002ED4CF /* Base */,
			);
			name = Main.storyboard;
			sourceTree = "<group>";
		};
		00F9729B296440CB002ED4CF /* LaunchScreen.storyboard */ = {
			isa = PBXVariantGroup;
			children = (
				00F9729C296440CB002ED4CF /* Base */,
			);
			name = LaunchScreen.storyboard;
			sourceTree = "<group>";
		};
/* End PBXVariantGroup section */

/* Begin XCBuildConfiguration section */
		00F9729F296440CB002ED4CF /* Debug */ = {
			isa = XCBuildConfiguration;
			buildSettings = {
				ALWAYS_SEARCH_USER_PATHS = NO;
				CLANG_ANALYZER_NONNULL = YES;
				CLANG_ANALYZER_NUMBER_OBJECT_CONVERSION = YES_AGGRESSIVE;
				CLANG_CXX_LANGUAGE_STANDARD = "gnu++17";
				CLANG_ENABLE_MODULES = YES;
				CLANG_ENABLE_OBJC_ARC = YES;
				CLANG_ENABLE_OBJC_WEAK = YES;
				CLANG_WARN_BLOCK_CAPTURE_AUTORELEASING = YES;
				CLANG_WARN_BOOL_CONVERSION = YES;
				CLANG_WARN_COMMA = YES;
				CLANG_WARN_CONSTANT_CONVERSION = YES;
				CLANG_WARN_DEPRECATED_OBJC_IMPLEMENTATIONS = YES;
				CLANG_WARN_DIRECT_OBJC_ISA_USAGE = YES_ERROR;
				CLANG_WARN_DOCUMENTATION_COMMENTS = YES;
				CLANG_WARN_EMPTY_BODY = YES;
				CLANG_WARN_ENUM_CONVERSION = YES;
				CLANG_WARN_INFINITE_RECURSION = YES;
				CLANG_WARN_INT_CONVERSION = YES;
				CLANG_WARN_NON_LITERAL_NULL_CONVERSION = YES;
				CLANG_WARN_OBJC_IMPLICIT_RETAIN_SELF = YES;
				CLANG_WARN_OBJC_LITERAL_CONVERSION = YES;
				CLANG_WARN_OBJC_ROOT_CLASS = YES_ERROR;
				CLANG_WARN_QUOTED_INCLUDE_IN_FRAMEWORK_HEADER = YES;
				CLANG_WARN_RANGE_LOOP_ANALYSIS = YES;
				CLANG_WARN_STRICT_PROTOTYPES = YES;
				CLANG_WARN_SUSPICIOUS_MOVE = YES;
				CLANG_WARN_UNGUARDED_AVAILABILITY = YES_AGGRESSIVE;
				CLANG_WARN_UNREACHABLE_CODE = YES;
				CLANG_WARN__DUPLICATE_METHOD_MATCH = YES;
				COPY_PHASE_STRIP = NO;
				DEBUG_INFORMATION_FORMAT = dwarf;
				ENABLE_STRICT_OBJC_MSGSEND = YES;
				ENABLE_TESTABILITY = YES;
				GCC_C_LANGUAGE_STANDARD = gnu11;
				GCC_DYNAMIC_NO_PIC = NO;
				GCC_NO_COMMON_BLOCKS = YES;
				GCC_OPTIMIZATION_LEVEL = 0;
				GCC_PREPROCESSOR_DEFINITIONS = (
					"DEBUG=1",
					"$(inherited)",
				);
				GCC_WARN_64_TO_32_BIT_CONVERSION = YES;
				GCC_WARN_ABOUT_RETURN_TYPE = YES_ERROR;
				GCC_WARN_UNDECLARED_SELECTOR = YES;
				GCC_WARN_UNINITIALIZED_AUTOS = YES_AGGRESSIVE;
				GCC_WARN_UNUSED_FUNCTION = YES;
				GCC_WARN_UNUSED_VARIABLE = YES;
				IPHONEOS_DEPLOYMENT_TARGET = 15.5;
				MTL_ENABLE_DEBUG_INFO = INCLUDE_SOURCE;
				MTL_FAST_MATH = YES;
				ONLY_ACTIVE_ARCH = YES;
				SDKROOT = iphoneos;
				SWIFT_ACTIVE_COMPILATION_CONDITIONS = DEBUG;
				SWIFT_OPTIMIZATION_LEVEL = "-Onone";
			};
			name = Debug;
		};
		00F972A0296440CB002ED4CF /* Release */ = {
			isa = XCBuildConfiguration;
			buildSettings = {
				ALWAYS_SEARCH_USER_PATHS = NO;
				CLANG_ANALYZER_NONNULL = YES;
				CLANG_ANALYZER_NUMBER_OBJECT_CONVERSION = YES_AGGRESSIVE;
				CLANG_CXX_LANGUAGE_STANDARD = "gnu++17";
				CLANG_ENABLE_MODULES = YES;
				CLANG_ENABLE_OBJC_ARC = YES;
				CLANG_ENABLE_OBJC_WEAK = YES;
				CLANG_WARN_BLOCK_CAPTURE_AUTORELEASING = YES;
				CLANG_WARN_BOOL_CONVERSION = YES;
				CLANG_WARN_COMMA = YES;
				CLANG_WARN_CONSTANT_CONVERSION = YES;
				CLANG_WARN_DEPRECATED_OBJC_IMPLEMENTATIONS = YES;
				CLANG_WARN_DIRECT_OBJC_ISA_USAGE = YES_ERROR;
				CLANG_WARN_DOCUMENTATION_COMMENTS = YES;
				CLANG_WARN_EMPTY_BODY = YES;
				CLANG_WARN_ENUM_CONVERSION = YES;
				CLANG_WARN_INFINITE_RECURSION = YES;
				CLANG_WARN_INT_CONVERSION = YES;
				CLANG_WARN_NON_LITERAL_NULL_CONVERSION = YES;
				CLANG_WARN_OBJC_IMPLICIT_RETAIN_SELF = YES;
				CLANG_WARN_OBJC_LITERAL_CONVERSION = YES;
				CLANG_WARN_OBJC_ROOT_CLASS = YES_ERROR;
				CLANG_WARN_QUOTED_INCLUDE_IN_FRAMEWORK_HEADER = YES;
				CLANG_WARN_RANGE_LOOP_ANALYSIS = YES;
				CLANG_WARN_STRICT_PROTOTYPES = YES;
				CLANG_WARN_SUSPICIOUS_MOVE = YES;
				CLANG_WARN_UNGUARDED_AVAILABILITY = YES_AGGRESSIVE;
				CLANG_WARN_UNREACHABLE_CODE = YES;
				CLANG_WARN__DUPLICATE_METHOD_MATCH = YES;
				COPY_PHASE_STRIP = NO;
				DEBUG_INFORMATION_FORMAT = "dwarf-with-dsym";
				ENABLE_NS_ASSERTIONS = NO;
				ENABLE_STRICT_OBJC_MSGSEND = YES;
				GCC_C_LANGUAGE_STANDARD = gnu11;
				GCC_NO_COMMON_BLOCKS = YES;
				GCC_WARN_64_TO_32_BIT_CONVERSION = YES;
				GCC_WARN_ABOUT_RETURN_TYPE = YES_ERROR;
				GCC_WARN_UNDECLARED_SELECTOR = YES;
				GCC_WARN_UNINITIALIZED_AUTOS = YES_AGGRESSIVE;
				GCC_WARN_UNUSED_FUNCTION = YES;
				GCC_WARN_UNUSED_VARIABLE = YES;
				IPHONEOS_DEPLOYMENT_TARGET = 15.5;
				MTL_ENABLE_DEBUG_INFO = NO;
				MTL_FAST_MATH = YES;
				SDKROOT = iphoneos;
				SWIFT_COMPILATION_MODE = wholemodule;
				SWIFT_OPTIMIZATION_LEVEL = "-O";
				VALIDATE_PRODUCT = YES;
			};
			name = Release;
		};
		00F972A2296440CB002ED4CF /* Debug */ = {
			isa = XCBuildConfiguration;
			buildSettings = {
				ASSETCATALOG_COMPILER_APPICON_NAME = AppIcon;
				ASSETCATALOG_COMPILER_GLOBAL_ACCENT_COLOR_NAME = AccentColor;
				CODE_SIGN_STYLE = Automatic;
				CURRENT_PROJECT_VERSION = 1;
				DEVELOPMENT_TEAM = X4R48ZRHCN;
				GENERATE_INFOPLIST_FILE = YES;
				INFOPLIST_FILE = PetProject/Info.plist;
				INFOPLIST_KEY_UIApplicationSupportsIndirectInputEvents = YES;
				INFOPLIST_KEY_UILaunchStoryboardName = LaunchScreen;
				INFOPLIST_KEY_UIMainStoryboardFile = Main;
				INFOPLIST_KEY_UISupportedInterfaceOrientations_iPad = "UIInterfaceOrientationPortrait UIInterfaceOrientationPortraitUpsideDown UIInterfaceOrientationLandscapeLeft UIInterfaceOrientationLandscapeRight";
				INFOPLIST_KEY_UISupportedInterfaceOrientations_iPhone = "UIInterfaceOrientationPortrait UIInterfaceOrientationLandscapeLeft UIInterfaceOrientationLandscapeRight";
				LD_RUNPATH_SEARCH_PATHS = (
					"$(inherited)",
					"@executable_path/Frameworks",
				);
				MARKETING_VERSION = 1.0;
				PRODUCT_BUNDLE_IDENTIFIER = kz.PetProject;
				PRODUCT_NAME = "$(TARGET_NAME)";
				SWIFT_EMIT_LOC_STRINGS = YES;
				SWIFT_VERSION = 5.0;
				TARGETED_DEVICE_FAMILY = "1,2";
			};
			name = Debug;
		};
		00F972A3296440CB002ED4CF /* Release */ = {
			isa = XCBuildConfiguration;
			buildSettings = {
				ASSETCATALOG_COMPILER_APPICON_NAME = AppIcon;
				ASSETCATALOG_COMPILER_GLOBAL_ACCENT_COLOR_NAME = AccentColor;
				CODE_SIGN_STYLE = Automatic;
				CURRENT_PROJECT_VERSION = 1;
				DEVELOPMENT_TEAM = X4R48ZRHCN;
				GENERATE_INFOPLIST_FILE = YES;
				INFOPLIST_FILE = PetProject/Info.plist;
				INFOPLIST_KEY_UIApplicationSupportsIndirectInputEvents = YES;
				INFOPLIST_KEY_UILaunchStoryboardName = LaunchScreen;
				INFOPLIST_KEY_UIMainStoryboardFile = Main;
				INFOPLIST_KEY_UISupportedInterfaceOrientations_iPad = "UIInterfaceOrientationPortrait UIInterfaceOrientationPortraitUpsideDown UIInterfaceOrientationLandscapeLeft UIInterfaceOrientationLandscapeRight";
				INFOPLIST_KEY_UISupportedInterfaceOrientations_iPhone = "UIInterfaceOrientationPortrait UIInterfaceOrientationLandscapeLeft UIInterfaceOrientationLandscapeRight";
				LD_RUNPATH_SEARCH_PATHS = (
					"$(inherited)",
					"@executable_path/Frameworks",
				);
				MARKETING_VERSION = 1.0;
				PRODUCT_BUNDLE_IDENTIFIER = kz.PetProject;
				PRODUCT_NAME = "$(TARGET_NAME)";
				SWIFT_EMIT_LOC_STRINGS = YES;
				SWIFT_VERSION = 5.0;
				TARGETED_DEVICE_FAMILY = "1,2";
			};
			name = Release;
		};
/* End XCBuildConfiguration section */

/* Begin XCConfigurationList section */
		00F97288296440CA002ED4CF /* Build configuration list for PBXProject "PetProject" */ = {
			isa = XCConfigurationList;
			buildConfigurations = (
				00F9729F296440CB002ED4CF /* Debug */,
				00F972A0296440CB002ED4CF /* Release */,
			);
			defaultConfigurationIsVisible = 0;
			defaultConfigurationName = Release;
		};
		00F972A1296440CB002ED4CF /* Build configuration list for PBXNativeTarget "PetProject" */ = {
			isa = XCConfigurationList;
			buildConfigurations = (
				00F972A2296440CB002ED4CF /* Debug */,
				00F972A3296440CB002ED4CF /* Release */,
			);
			defaultConfigurationIsVisible = 0;
			defaultConfigurationName = Release;
		};
/* End XCConfigurationList section */
	};
	rootObject = 00F97285296440CA002ED4CF /* Project object */;
}
